
Microsoft Visual Studio Solution File, Format Version 12.00
# Visual Studio 14
VisualStudioVersion = 14.0.25420.1
MinimumVisualStudioVersion = 10.0.40219.1
Project("{888888A0-9F3D-457C-B088-3A5042F75D52}") = "PyChat-Client", "PyChat\PyChat-Client.pyproj", "{8DCAE7BB-AAFD-4755-A64A-92865F42BAEE}"
EndProject
Project("{888888A0-9F3D-457C-B088-3A5042F75D52}") = "PyChat-Server", "PyChat-Server\PyChat-Server.pyproj", "{8C7AF403-09DF-41C8-B3C7-99094A9B131E}"
EndProject
Global
	GlobalSection(SolutionConfigurationPlatforms) = preSolution
		Debug|Any CPU = Debug|Any CPU
		Release|Any CPU = Release|Any CPU
	EndGlobalSection
	GlobalSection(ProjectConfigurationPlatforms) = postSolution
		{8DCAE7BB-AAFD-4755-A64A-92865F42BAEE}.Debug|Any CPU.ActiveCfg = Debug|Any CPU
		{8DCAE7BB-AAFD-4755-A64A-92865F42BAEE}.Release|Any CPU.ActiveCfg = Release|Any CPU
		{8C7AF403-09DF-41C8-B3C7-99094A9B131E}.Debug|Any CPU.ActiveCfg = Debug|Any CPU
		{8C7AF403-09DF-41C8-B3C7-99094A9B131E}.Release|Any CPU.ActiveCfg = Release|Any CPU
	EndGlobalSection
	GlobalSection(SolutionProperties) = preSolution
		HideSolutionNode = FALSE
	EndGlobalSection
EndGlobal
